
Microsoft Visual Studio Solution File, Format Version 12.00
# Visual Studio Version 16
VisualStudioVersion = 16.0.29102.190
MinimumVisualStudioVersion = 10.0.40219.1
Project("{2150E333-8FDC-42A3-9474-1A3956D46DE8}") = "1 - Application", "1 - Application", "{749130A0-9C75-42E1-9B07-644B4368398B}"
EndProject
Project("{2150E333-8FDC-42A3-9474-1A3956D46DE8}") = "2 - Services", "2 - Services", "{5CADA535-1EDF-41AE-88C2-9F93E57B22FA}"
EndProject
Project("{2150E333-8FDC-42A3-9474-1A3956D46DE8}") = "3 - Domain", "3 - Domain", "{1CA07C0C-3C5F-4375-AF48-893DC0241F14}"
EndProject
Project("{2150E333-8FDC-42A3-9474-1A3956D46DE8}") = "4 - Infrastructure", "4 - Infrastructure", "{44440449-D922-43A5-A7B3-0EF743995B3B}"
EndProject
Project("{FAE04EC0-301F-11D3-BF4B-00C04F79EFBC}") = "Hotel.Application", "source\Hotel.Application\Hotel.Application.csproj", "{8EDC08AA-A26F-44EE-A88D-031B7A14C9A3}"
EndProject
Project("{FAE04EC0-301F-11D3-BF4B-00C04F79EFBC}") = "Hotel.Services", "source\Hotel.Services\Hotel.Services.csproj", "{B6E14838-1746-436A-BE32-4F6F6DD77C4C}"
EndProject
Project("{FAE04EC0-301F-11D3-BF4B-00C04F79EFBC}") = "Hotel.Domain", "source\Hotel.Domain\Hotel.Domain.csproj", "{5BAEB52A-E5F1-4497-8222-7D676B4D67B9}"
EndProject
Project("{FAE04EC0-301F-11D3-BF4B-00C04F79EFBC}") = "Hotel.Infrastructure", "source\Hotel.Infrastructure\Hotel.Infrastructure.csproj", "{E3E1A4BB-6081-4292-A3BB-469F48CBB688}"
EndProject
Global
	GlobalSection(SolutionConfigurationPlatforms) = preSolution
		Debug|Any CPU = Debug|Any CPU
		Release|Any CPU = Release|Any CPU
	EndGlobalSection
	GlobalSection(ProjectConfigurationPlatforms) = postSolution
		{8EDC08AA-A26F-44EE-A88D-031B7A14C9A3}.Debug|Any CPU.ActiveCfg = Debug|Any CPU
		{8EDC08AA-A26F-44EE-A88D-031B7A14C9A3}.Debug|Any CPU.Build.0 = Debug|Any CPU
		{8EDC08AA-A26F-44EE-A88D-031B7A14C9A3}.Release|Any CPU.ActiveCfg = Release|Any CPU
		{8EDC08AA-A26F-44EE-A88D-031B7A14C9A3}.Release|Any CPU.Build.0 = Release|Any CPU
		{B6E14838-1746-436A-BE32-4F6F6DD77C4C}.Debug|Any CPU.ActiveCfg = Debug|Any CPU
		{B6E14838-1746-436A-BE32-4F6F6DD77C4C}.Debug|Any CPU.Build.0 = Debug|Any CPU
		{B6E14838-1746-436A-BE32-4F6F6DD77C4C}.Release|Any CPU.ActiveCfg = Release|Any CPU
		{B6E14838-1746-436A-BE32-4F6F6DD77C4C}.Release|Any CPU.Build.0 = Release|Any CPU
		{5BAEB52A-E5F1-4497-8222-7D676B4D67B9}.Debug|Any CPU.ActiveCfg = Debug|Any CPU
		{5BAEB52A-E5F1-4497-8222-7D676B4D67B9}.Debug|Any CPU.Build.0 = Debug|Any CPU
		{5BAEB52A-E5F1-4497-8222-7D676B4D67B9}.Release|Any CPU.ActiveCfg = Release|Any CPU
		{5BAEB52A-E5F1-4497-8222-7D676B4D67B9}.Release|Any CPU.Build.0 = Release|Any CPU
		{E3E1A4BB-6081-4292-A3BB-469F48CBB688}.Debug|Any CPU.ActiveCfg = Debug|Any CPU
		{E3E1A4BB-6081-4292-A3BB-469F48CBB688}.Debug|Any CPU.Build.0 = Debug|Any CPU
		{E3E1A4BB-6081-4292-A3BB-469F48CBB688}.Release|Any CPU.ActiveCfg = Release|Any CPU
		{E3E1A4BB-6081-4292-A3BB-469F48CBB688}.Release|Any CPU.Build.0 = Release|Any CPU
	EndGlobalSection
	GlobalSection(SolutionProperties) = preSolution
		HideSolutionNode = FALSE
	EndGlobalSection
	GlobalSection(NestedProjects) = preSolution
		{8EDC08AA-A26F-44EE-A88D-031B7A14C9A3} = {749130A0-9C75-42E1-9B07-644B4368398B}
		{B6E14838-1746-436A-BE32-4F6F6DD77C4C} = {5CADA535-1EDF-41AE-88C2-9F93E57B22FA}
		{5BAEB52A-E5F1-4497-8222-7D676B4D67B9} = {1CA07C0C-3C5F-4375-AF48-893DC0241F14}
		{E3E1A4BB-6081-4292-A3BB-469F48CBB688} = {44440449-D922-43A5-A7B3-0EF743995B3B}
	EndGlobalSection
	GlobalSection(ExtensibilityGlobals) = postSolution
		SolutionGuid = {260AD9F1-EFE4-4054-ADF6-83F20F8544DD}
	EndGlobalSection
EndGlobal
